
Microsoft Visual Studio Solution File, Format Version 12.00
# Visual Studio Version 17
VisualStudioVersion = 17.6.33829.357
MinimumVisualStudioVersion = 10.0.40219.1
Project("{FAE04EC0-301F-11D3-BF4B-00C04F79EFBC}") = "WebApi", "WebApi\WebApi.csproj", "{269CDC75-0E66-419D-904F-003D1EF75E66}"
EndProject
Project("{FAE04EC0-301F-11D3-BF4B-00C04F79EFBC}") = "Persistence", "Persistence\Persistence.csproj", "{2C335673-5BAE-4233-A731-396BAAEC8FC8}"
EndProject
Project("{FAE04EC0-301F-11D3-BF4B-00C04F79EFBC}") = "Domain", "Domain\Domain.csproj", "{A4F683A0-F679-4D2B-BF59-67F45E4E646A}"
EndProject
Project("{FAE04EC0-301F-11D3-BF4B-00C04F79EFBC}") = "Application", "Application\Application.csproj", "{C36FBBF8-3334-476D-94E7-08333036BEE0}"
EndProject
Project("{FAE04EC0-301F-11D3-BF4B-00C04F79EFBC}") = "Infrastructure", "Infrastructure\Infrastructure.csproj", "{D889C08F-7C91-4143-B2E3-09FDECC6ECAB}"
EndProject
Global
	GlobalSection(SolutionConfigurationPlatforms) = preSolution
		Debug|Any CPU = Debug|Any CPU
		Release|Any CPU = Release|Any CPU
	EndGlobalSection
	GlobalSection(ProjectConfigurationPlatforms) = postSolution
		{269CDC75-0E66-419D-904F-003D1EF75E66}.Debug|Any CPU.ActiveCfg = Debug|Any CPU
		{269CDC75-0E66-419D-904F-003D1EF75E66}.Debug|Any CPU.Build.0 = Debug|Any CPU
		{269CDC75-0E66-419D-904F-003D1EF75E66}.Release|Any CPU.ActiveCfg = Release|Any CPU
		{269CDC75-0E66-419D-904F-003D1EF75E66}.Release|Any CPU.Build.0 = Release|Any CPU
		{2C335673-5BAE-4233-A731-396BAAEC8FC8}.Debug|Any CPU.ActiveCfg = Debug|Any CPU
		{2C335673-5BAE-4233-A731-396BAAEC8FC8}.Debug|Any CPU.Build.0 = Debug|Any CPU
		{2C335673-5BAE-4233-A731-396BAAEC8FC8}.Release|Any CPU.ActiveCfg = Release|Any CPU
		{2C335673-5BAE-4233-A731-396BAAEC8FC8}.Release|Any CPU.Build.0 = Release|Any CPU
		{A4F683A0-F679-4D2B-BF59-67F45E4E646A}.Debug|Any CPU.ActiveCfg = Debug|Any CPU
		{A4F683A0-F679-4D2B-BF59-67F45E4E646A}.Debug|Any CPU.Build.0 = Debug|Any CPU
		{A4F683A0-F679-4D2B-BF59-67F45E4E646A}.Release|Any CPU.ActiveCfg = Release|Any CPU
		{A4F683A0-F679-4D2B-BF59-67F45E4E646A}.Release|Any CPU.Build.0 = Release|Any CPU
		{C36FBBF8-3334-476D-94E7-08333036BEE0}.Debug|Any CPU.ActiveCfg = Debug|Any CPU
		{C36FBBF8-3334-476D-94E7-08333036BEE0}.Debug|Any CPU.Build.0 = Debug|Any CPU
		{C36FBBF8-3334-476D-94E7-08333036BEE0}.Release|Any CPU.ActiveCfg = Release|Any CPU
		{C36FBBF8-3334-476D-94E7-08333036BEE0}.Release|Any CPU.Build.0 = Release|Any CPU
		{D889C08F-7C91-4143-B2E3-09FDECC6ECAB}.Debug|Any CPU.ActiveCfg = Debug|Any CPU
		{D889C08F-7C91-4143-B2E3-09FDECC6ECAB}.Debug|Any CPU.Build.0 = Debug|Any CPU
		{D889C08F-7C91-4143-B2E3-09FDECC6ECAB}.Release|Any CPU.ActiveCfg = Release|Any CPU
		{D889C08F-7C91-4143-B2E3-09FDECC6ECAB}.Release|Any CPU.Build.0 = Release|Any CPU
	EndGlobalSection
	GlobalSection(SolutionProperties) = preSolution
		HideSolutionNode = FALSE
	EndGlobalSection
	GlobalSection(ExtensibilityGlobals) = postSolution
		SolutionGuid = {3FABF951-ECC2-44D7-9AF3-8F89A81FA1AD}
	EndGlobalSection
EndGlobal
